// !$*UTF8*$!
{
	archiveVersion = 1;
	classes = {
	};
	objectVersion = 46;
	objects = {

/* Begin PBXBuildFile section */
		D62812FC1F1D173A0023F67F /* AppDelegate.swift in Sources */ = {isa = PBXBuildFile; fileRef = D62812FB1F1D173A0023F67F /* AppDelegate.swift */; };
		D62813031F1D173A0023F67F /* Assets.xcassets in Resources */ = {isa = PBXBuildFile; fileRef = D62813021F1D173A0023F67F /* Assets.xcassets */; };
		D62813061F1D173A0023F67F /* LaunchScreen.storyboard in Resources */ = {isa = PBXBuildFile; fileRef = D62813041F1D173A0023F67F /* LaunchScreen.storyboard */; };
		D62D91521F1F93AE004C4F06 /* Meal.swift in Sources */ = {isa = PBXBuildFile; fileRef = D62D91511F1F93AE004C4F06 /* Meal.swift */; };
		D62D91541F1F9443004C4F06 /* Item.swift in Sources */ = {isa = PBXBuildFile; fileRef = D62D91531F1F9443004C4F06 /* Item.swift */; };
		D62D91561F1F9727004C4F06 /* ViewController.swift in Sources */ = {isa = PBXBuildFile; fileRef = D62D91551F1F9727004C4F06 /* ViewController.swift */; };
		D62D91581F1F989B004C4F06 /* Main.storyboard in Resources */ = {isa = PBXBuildFile; fileRef = D62D91571F1F989B004C4F06 /* Main.storyboard */; };
		D62D91961F1FC22C004C4F06 /* MealsTableViewController.swift in Sources */ = {isa = PBXBuildFile; fileRef = D62D91951F1FC22C004C4F06 /* MealsTableViewController.swift */; };
		D66EB8E61F22910D009AFD1F /* NewItemViewController.xib in Resources */ = {isa = PBXBuildFile; fileRef = D66EB8E41F22910D009AFD1F /* NewItemViewController.xib */; };
		D66EB8E81F22913D009AFD1F /* NewItemViewController.swift in Sources */ = {isa = PBXBuildFile; fileRef = D66EB8E71F22913D009AFD1F /* NewItemViewController.swift */; };
		D6C3BF7C1F2A5A1000DBA219 /* Dao.swift in Sources */ = {isa = PBXBuildFile; fileRef = D6C3BF7B1F2A5A1000DBA219 /* Dao.swift */; };
		D6D170111F27B26600C59F1F /* Alert.swift in Sources */ = {isa = PBXBuildFile; fileRef = D6D170101F27B26600C59F1F /* Alert.swift */; };
		D6D170131F27CCA800C59F1F /* RemoveViewController.swift in Sources */ = {isa = PBXBuildFile; fileRef = D6D170121F27CCA800C59F1F /* RemoveViewController.swift */; };
		D6D5EE3A1F227B4A0043051D /* AddAMealDelegate.swift in Sources */ = {isa = PBXBuildFile; fileRef = D6D5EE391F227B4A0043051D /* AddAMealDelegate.swift */; };
		D6F3738F1F2634CB00F1F229 /* AddAnItemDelegate.swift in Sources */ = {isa = PBXBuildFile; fileRef = D6F3738E1F2634CB00F1F229 /* AddAnItemDelegate.swift */; };
/* End PBXBuildFile section */

/* Begin PBXFileReference section */
		D62812F81F1D173A0023F67F /* CursoAluraEx1.app */ = {isa = PBXFileReference; explicitFileType = wrapper.application; includeInIndex = 0; path = CursoAluraEx1.app; sourceTree = BUILT_PRODUCTS_DIR; };
		D62812FB1F1D173A0023F67F /* AppDelegate.swift */ = {isa = PBXFileReference; lastKnownFileType = sourcecode.swift; path = AppDelegate.swift; sourceTree = "<group>"; };
		D62813021F1D173A0023F67F /* Assets.xcassets */ = {isa = PBXFileReference; lastKnownFileType = folder.assetcatalog; path = Assets.xcassets; sourceTree = "<group>"; };
		D62813051F1D173A0023F67F /* Base */ = {isa = PBXFileReference; lastKnownFileType = file.storyboard; name = Base; path = Base.lproj/LaunchScreen.storyboard; sourceTree = "<group>"; };
		D62813071F1D173A0023F67F /* Info.plist */ = {isa = PBXFileReference; lastKnownFileType = text.plist.xml; path = Info.plist; sourceTree = "<group>"; };
		D628130D1F1D3A2E0023F67F /* MyPlayground.playground */ = {isa = PBXFileReference; lastKnownFileType = file.playground; path = MyPlayground.playground; sourceTree = "<group>"; };
		D62D91511F1F93AE004C4F06 /* Meal.swift */ = {isa = PBXFileReference; fileEncoding = 4; lastKnownFileType = sourcecode.swift; path = Meal.swift; sourceTree = "<group>"; };
		D62D91531F1F9443004C4F06 /* Item.swift */ = {isa = PBXFileReference; fileEncoding = 4; lastKnownFileType = sourcecode.swift; path = Item.swift; sourceTree = "<group>"; };
		D62D91551F1F9727004C4F06 /* ViewController.swift */ = {isa = PBXFileReference; fileEncoding = 4; lastKnownFileType = sourcecode.swift; path = ViewController.swift; sourceTree = "<group>"; };
		D62D91571F1F989B004C4F06 /* Main.storyboard */ = {isa = PBXFileReference; fileEncoding = 4; lastKnownFileType = file.storyboard; path = Main.storyboard; sourceTree = "<group>"; };
		D62D91951F1FC22C004C4F06 /* MealsTableViewController.swift */ = {isa = PBXFileReference; fileEncoding = 4; lastKnownFileType = sourcecode.swift; path = MealsTableViewController.swift; sourceTree = "<group>"; };
		D66EB8E41F22910D009AFD1F /* NewItemViewController.xib */ = {isa = PBXFileReference; fileEncoding = 4; lastKnownFileType = file.xib; path = NewItemViewController.xib; sourceTree = "<group>"; };
		D66EB8E71F22913D009AFD1F /* NewItemViewController.swift */ = {isa = PBXFileReference; fileEncoding = 4; lastKnownFileType = sourcecode.swift; path = NewItemViewController.swift; sourceTree = "<group>"; };
		D6C3BF7B1F2A5A1000DBA219 /* Dao.swift */ = {isa = PBXFileReference; fileEncoding = 4; lastKnownFileType = sourcecode.swift; path = Dao.swift; sourceTree = "<group>"; };
		D6D170101F27B26600C59F1F /* Alert.swift */ = {isa = PBXFileReference; fileEncoding = 4; lastKnownFileType = sourcecode.swift; path = Alert.swift; sourceTree = "<group>"; };
		D6D170121F27CCA800C59F1F /* RemoveViewController.swift */ = {isa = PBXFileReference; fileEncoding = 4; lastKnownFileType = sourcecode.swift; path = RemoveViewController.swift; sourceTree = "<group>"; };
		D6D5EE391F227B4A0043051D /* AddAMealDelegate.swift */ = {isa = PBXFileReference; fileEncoding = 4; lastKnownFileType = sourcecode.swift; path = AddAMealDelegate.swift; sourceTree = "<group>"; };
		D6F3738E1F2634CB00F1F229 /* AddAnItemDelegate.swift */ = {isa = PBXFileReference; fileEncoding = 4; lastKnownFileType = sourcecode.swift; path = AddAnItemDelegate.swift; sourceTree = "<group>"; };
/* End PBXFileReference section */

/* Begin PBXFrameworksBuildPhase section */
		D62812F51F1D173A0023F67F /* Frameworks */ = {
			isa = PBXFrameworksBuildPhase;
			buildActionMask = 2147483647;
			files = (
			);
			runOnlyForDeploymentPostprocessing = 0;
		};
/* End PBXFrameworksBuildPhase section */

/* Begin PBXGroup section */
		D62812EF1F1D17390023F67F = {
			isa = PBXGroup;
			children = (
				D62812FA1F1D173A0023F67F /* CursoAluraEx1 */,
				D62812F91F1D173A0023F67F /* Products */,
			);
			sourceTree = "<group>";
		};
		D62812F91F1D173A0023F67F /* Products */ = {
			isa = PBXGroup;
			children = (
				D62812F81F1D173A0023F67F /* CursoAluraEx1.app */,
			);
			name = Products;
			sourceTree = "<group>";
		};
		D62812FA1F1D173A0023F67F /* CursoAluraEx1 */ = {
			isa = PBXGroup;
			children = (
				D62D914E1F1F9371004C4F06 /* models */,
				D62D914F1F1F9371004C4F06 /* viewcontrollers */,
				D62D91501F1F9371004C4F06 /* views */,
				D62812FB1F1D173A0023F67F /* AppDelegate.swift */,
				D62813021F1D173A0023F67F /* Assets.xcassets */,
				D62813041F1D173A0023F67F /* LaunchScreen.storyboard */,
				D62813071F1D173A0023F67F /* Info.plist */,
				D628130D1F1D3A2E0023F67F /* MyPlayground.playground */,
			);
			path = CursoAluraEx1;
			sourceTree = "<group>";
		};
		D62D914E1F1F9371004C4F06 /* models */ = {
			isa = PBXGroup;
			children = (
				D6F3738E1F2634CB00F1F229 /* AddAnItemDelegate.swift */,
				D6D5EE391F227B4A0043051D /* AddAMealDelegate.swift */,
				D62D91511F1F93AE004C4F06 /* Meal.swift */,
				D62D91531F1F9443004C4F06 /* Item.swift */,
				D6C3BF7B1F2A5A1000DBA219 /* Dao.swift */,
			);
			path = models;
			sourceTree = "<group>";
		};
		D62D914F1F1F9371004C4F06 /* viewcontrollers */ = {
			isa = PBXGroup;
			children = (
				D66EB8E71F22913D009AFD1F /* NewItemViewController.swift */,
				D62D91551F1F9727004C4F06 /* ViewController.swift */,
				D62D91951F1FC22C004C4F06 /* MealsTableViewController.swift */,
				D6D170121F27CCA800C59F1F /* RemoveViewController.swift */,
			);
			path = viewcontrollers;
			sourceTree = "<group>";
		};
		D62D91501F1F9371004C4F06 /* views */ = {
			isa = PBXGroup;
			children = (
				D62D91571F1F989B004C4F06 /* Main.storyboard */,
				D66EB8E41F22910D009AFD1F /* NewItemViewController.xib */,
				D6D170101F27B26600C59F1F /* Alert.swift */,
			);
			path = views;
			sourceTree = "<group>";
		};
/* End PBXGroup section */

/* Begin PBXNativeTarget section */
		D62812F71F1D173A0023F67F /* CursoAluraEx1 */ = {
			isa = PBXNativeTarget;
			buildConfigurationList = D628130A1F1D173A0023F67F /* Build configuration list for PBXNativeTarget "CursoAluraEx1" */;
			buildPhases = (
				D62812F41F1D173A0023F67F /* Sources */,
				D62812F51F1D173A0023F67F /* Frameworks */,
				D62812F61F1D173A0023F67F /* Resources */,
			);
			buildRules = (
			);
			dependencies = (
			);
			name = CursoAluraEx1;
			productName = CursoAluraEx1;
			productReference = D62812F81F1D173A0023F67F /* CursoAluraEx1.app */;
			productType = "com.apple.product-type.application";
		};
/* End PBXNativeTarget section */

/* Begin PBXProject section */
		D62812F01F1D173A0023F67F /* Project object */ = {
			isa = PBXProject;
			attributes = {
				LastSwiftUpdateCheck = 0830;
				LastUpgradeCheck = 0830;
				ORGANIZATIONNAME = Matheus;
				TargetAttributes = {
					D62812F71F1D173A0023F67F = {
						CreatedOnToolsVersion = 8.3.2;
						ProvisioningStyle = Automatic;
					};
				};
			};
			buildConfigurationList = D62812F31F1D173A0023F67F /* Build configuration list for PBXProject "CursoAluraEx1" */;
			compatibilityVersion = "Xcode 3.2";
			developmentRegion = English;
			hasScannedForEncodings = 0;
			knownRegions = (
				en,
				Base,
			);
			mainGroup = D62812EF1F1D17390023F67F;
			productRefGroup = D62812F91F1D173A0023F67F /* Products */;
			projectDirPath = "";
			projectRoot = "";
			targets = (
				D62812F71F1D173A0023F67F /* CursoAluraEx1 */,
			);
		};
/* End PBXProject section */

/* Begin PBXResourcesBuildPhase section */
		D62812F61F1D173A0023F67F /* Resources */ = {
			isa = PBXResourcesBuildPhase;
			buildActionMask = 2147483647;
			files = (
				D62D91581F1F989B004C4F06 /* Main.storyboard in Resources */,
				D62813061F1D173A0023F67F /* LaunchScreen.storyboard in Resources */,
				D66EB8E61F22910D009AFD1F /* NewItemViewController.xib in Resources */,
				D62813031F1D173A0023F67F /* Assets.xcassets in Resources */,
			);
			runOnlyForDeploymentPostprocessing = 0;
		};
/* End PBXResourcesBuildPhase section */

/* Begin PBXSourcesBuildPhase section */
		D62812F41F1D173A0023F67F /* Sources */ = {
			isa = PBXSourcesBuildPhase;
			buildActionMask = 2147483647;
			files = (
				D6D170111F27B26600C59F1F /* Alert.swift in Sources */,
				D62D91961F1FC22C004C4F06 /* MealsTableViewController.swift in Sources */,
				D6C3BF7C1F2A5A1000DBA219 /* Dao.swift in Sources */,
				D6D170131F27CCA800C59F1F /* RemoveViewController.swift in Sources */,
				D62D91541F1F9443004C4F06 /* Item.swift in Sources */,
				D62D91521F1F93AE004C4F06 /* Meal.swift in Sources */,
				D6D5EE3A1F227B4A0043051D /* AddAMealDelegate.swift in Sources */,
				D6F3738F1F2634CB00F1F229 /* AddAnItemDelegate.swift in Sources */,
				D62D91561F1F9727004C4F06 /* ViewController.swift in Sources */,
				D62812FC1F1D173A0023F67F /* AppDelegate.swift in Sources */,
				D66EB8E81F22913D009AFD1F /* NewItemViewController.swift in Sources */,
			);
			runOnlyForDeploymentPostprocessing = 0;
		};
/* End PBXSourcesBuildPhase section */

/* Begin PBXVariantGroup section */
		D62813041F1D173A0023F67F /* LaunchScreen.storyboard */ = {
			isa = PBXVariantGroup;
			children = (
				D62813051F1D173A0023F67F /* Base */,
			);
			name = LaunchScreen.storyboard;
			sourceTree = "<group>";
		};
/* End PBXVariantGroup section */

/* Begin XCBuildConfiguration section */
		D62813081F1D173A0023F67F /* Debug */ = {
			isa = XCBuildConfiguration;
			buildSettings = {
				ALWAYS_SEARCH_USER_PATHS = NO;
				CLANG_ANALYZER_NONNULL = YES;
				CLANG_ANALYZER_NUMBER_OBJECT_CONVERSION = YES_AGGRESSIVE;
				CLANG_CXX_LANGUAGE_STANDARD = "gnu++0x";
				CLANG_CXX_LIBRARY = "libc++";
				CLANG_ENABLE_MODULES = YES;
				CLANG_ENABLE_OBJC_ARC = YES;
				CLANG_WARN_BOOL_CONVERSION = YES;
				CLANG_WARN_CONSTANT_CONVERSION = YES;
				CLANG_WARN_DIRECT_OBJC_ISA_USAGE = YES_ERROR;
				CLANG_WARN_DOCUMENTATION_COMMENTS = YES;
				CLANG_WARN_EMPTY_BODY = YES;
				CLANG_WARN_ENUM_CONVERSION = YES;
				CLANG_WARN_INFINITE_RECURSION = YES;
				CLANG_WARN_INT_CONVERSION = YES;
				CLANG_WARN_OBJC_ROOT_CLASS = YES_ERROR;
				CLANG_WARN_SUSPICIOUS_MOVE = YES;
				CLANG_WARN_UNREACHABLE_CODE = YES;
				CLANG_WARN__DUPLICATE_METHOD_MATCH = YES;
				"CODE_SIGN_IDENTITY[sdk=iphoneos*]" = "iPhone Developer";
				COPY_PHASE_STRIP = NO;
				DEBUG_INFORMATION_FORMAT = dwarf;
				ENABLE_STRICT_OBJC_MSGSEND = YES;
				ENABLE_TESTABILITY = YES;
				GCC_C_LANGUAGE_STANDARD = gnu99;
				GCC_DYNAMIC_NO_PIC = NO;
				GCC_NO_COMMON_BLOCKS = YES;
				GCC_OPTIMIZATION_LEVEL = 0;
				GCC_PREPROCESSOR_DEFINITIONS = (
					"DEBUG=1",
					"$(inherited)",
				);
				GCC_WARN_64_TO_32_BIT_CONVERSION = YES;
				GCC_WARN_ABOUT_RETURN_TYPE = YES_ERROR;
				GCC_WARN_UNDECLARED_SELECTOR = YES;
				GCC_WARN_UNINITIALIZED_AUTOS = YES_AGGRESSIVE;
				GCC_WARN_UNUSED_FUNCTION = YES;
				GCC_WARN_UNUSED_VARIABLE = YES;
				IPHONEOS_DEPLOYMENT_TARGET = 10.3;
				MTL_ENABLE_DEBUG_INFO = YES;
				ONLY_ACTIVE_ARCH = YES;
				SDKROOT = iphoneos;
				SWIFT_ACTIVE_COMPILATION_CONDITIONS = DEBUG;
				SWIFT_OPTIMIZATION_LEVEL = "-Onone";
			};
			name = Debug;
		};
		D62813091F1D173A0023F67F /* Release */ = {
			isa = XCBuildConfiguration;
			buildSettings = {
				ALWAYS_SEARCH_USER_PATHS = NO;
				CLANG_ANALYZER_NONNULL = YES;
				CLANG_ANALYZER_NUMBER_OBJECT_CONVERSION = YES_AGGRESSIVE;
				CLANG_CXX_LANGUAGE_STANDARD = "gnu++0x";
				CLANG_CXX_LIBRARY = "libc++";
				CLANG_ENABLE_MODULES = YES;
				CLANG_ENABLE_OBJC_ARC = YES;
				CLANG_WARN_BOOL_CONVERSION = YES;
				CLANG_WARN_CONSTANT_CONVERSION = YES;
				CLANG_WARN_DIRECT_OBJC_ISA_USAGE = YES_ERROR;
				CLANG_WARN_DOCUMENTATION_COMMENTS = YES;
				CLANG_WARN_EMPTY_BODY = YES;
				CLANG_WARN_ENUM_CONVERSION = YES;
				CLANG_WARN_INFINITE_RECURSION = YES;
				CLANG_WARN_INT_CONVERSION = YES;
				CLANG_WARN_OBJC_ROOT_CLASS = YES_ERROR;
				CLANG_WARN_SUSPICIOUS_MOVE = YES;
				CLANG_WARN_UNREACHABLE_CODE = YES;
				CLANG_WARN__DUPLICATE_METHOD_MATCH = YES;
				"CODE_SIGN_IDENTITY[sdk=iphoneos*]" = "iPhone Developer";
				COPY_PHASE_STRIP = NO;
				DEBUG_INFORMATION_FORMAT = "dwarf-with-dsym";
				ENABLE_NS_ASSERTIONS = NO;
				ENABLE_STRICT_OBJC_MSGSEND = YES;
				GCC_C_LANGUAGE_STANDARD = gnu99;
				GCC_NO_COMMON_BLOCKS = YES;
				GCC_WARN_64_TO_32_BIT_CONVERSION = YES;
				GCC_WARN_ABOUT_RETURN_TYPE = YES_ERROR;
				GCC_WARN_UNDECLARED_SELECTOR = YES;
				GCC_WARN_UNINITIALIZED_AUTOS = YES_AGGRESSIVE;
				GCC_WARN_UNUSED_FUNCTION = YES;
				GCC_WARN_UNUSED_VARIABLE = YES;
				IPHONEOS_DEPLOYMENT_TARGET = 10.3;
				MTL_ENABLE_DEBUG_INFO = NO;
				SDKROOT = iphoneos;
				SWIFT_OPTIMIZATION_LEVEL = "-Owholemodule";
				VALIDATE_PRODUCT = YES;
			};
			name = Release;
		};
		D628130B1F1D173A0023F67F /* Debug */ = {
			isa = XCBuildConfiguration;
			buildSettings = {
				ASSETCATALOG_COMPILER_APPICON_NAME = AppIcon;
				INFOPLIST_FILE = CursoAluraEx1/Info.plist;
				LD_RUNPATH_SEARCH_PATHS = "$(inherited) @executable_path/Frameworks";
				PRODUCT_BUNDLE_IDENTIFIER = br.com.matheus.CursoAluraEx1;
				PRODUCT_NAME = "$(TARGET_NAME)";
				SWIFT_VERSION = 3.0;
			};
			name = Debug;
		};
		D628130C1F1D173A0023F67F /* Release */ = {
			isa = XCBuildConfiguration;
			buildSettings = {
				ASSETCATALOG_COMPILER_APPICON_NAME = AppIcon;
				INFOPLIST_FILE = CursoAluraEx1/Info.plist;
				LD_RUNPATH_SEARCH_PATHS = "$(inherited) @executable_path/Frameworks";
				PRODUCT_BUNDLE_IDENTIFIER = br.com.matheus.CursoAluraEx1;
				PRODUCT_NAME = "$(TARGET_NAME)";
				SWIFT_VERSION = 3.0;
			};
			name = Release;
		};
/* End XCBuildConfiguration section */

/* Begin XCConfigurationList section */
		D62812F31F1D173A0023F67F /* Build configuration list for PBXProject "CursoAluraEx1" */ = {
			isa = XCConfigurationList;
			buildConfigurations = (
				D62813081F1D173A0023F67F /* Debug */,
				D62813091F1D173A0023F67F /* Release */,
			);
			defaultConfigurationIsVisible = 0;
			defaultConfigurationName = Release;
		};
		D628130A1F1D173A0023F67F /* Build configuration list for PBXNativeTarget "CursoAluraEx1" */ = {
			isa = XCConfigurationList;
			buildConfigurations = (
				D628130B1F1D173A0023F67F /* Debug */,
				D628130C1F1D173A0023F67F /* Release */,
			);
			defaultConfigurationIsVisible = 0;
			defaultConfigurationName = Release;
		};
/* End XCConfigurationList section */
	};
	rootObject = D62812F01F1D173A0023F67F /* Project object */;
}
